
Microsoft Visual Studio Solution File, Format Version 12.00
# Visual Studio 15
VisualStudioVersion = 15.0.28010.2019
MinimumVisualStudioVersion = 10.0.40219.1
Project("{FAE04EC0-301F-11D3-BF4B-00C04F79EFBC}") = "Void_server", "Void_server\Void_server.csproj", "{088A0320-D88C-4C62-B0D8-39EB3561B6FC}"
EndProject
Project("{FAE04EC0-301F-11D3-BF4B-00C04F79EFBC}") = "Void_client", "Void_client\Void_client.csproj", "{BB3C4219-DB1C-463D-A9BF-02724B46DA8C}"
EndProject
Global
	GlobalSection(SolutionConfigurationPlatforms) = preSolution
		Debug|Any CPU = Debug|Any CPU
		Release|Any CPU = Release|Any CPU
	EndGlobalSection
	GlobalSection(ProjectConfigurationPlatforms) = postSolution
		{088A0320-D88C-4C62-B0D8-39EB3561B6FC}.Debug|Any CPU.ActiveCfg = Debug|Any CPU
		{088A0320-D88C-4C62-B0D8-39EB3561B6FC}.Debug|Any CPU.Build.0 = Debug|Any CPU
		{088A0320-D88C-4C62-B0D8-39EB3561B6FC}.Release|Any CPU.ActiveCfg = Release|Any CPU
		{088A0320-D88C-4C62-B0D8-39EB3561B6FC}.Release|Any CPU.Build.0 = Release|Any CPU
		{BB3C4219-DB1C-463D-A9BF-02724B46DA8C}.Debug|Any CPU.ActiveCfg = Debug|Any CPU
		{BB3C4219-DB1C-463D-A9BF-02724B46DA8C}.Debug|Any CPU.Build.0 = Debug|Any CPU
		{BB3C4219-DB1C-463D-A9BF-02724B46DA8C}.Release|Any CPU.ActiveCfg = Release|Any CPU
		{BB3C4219-DB1C-463D-A9BF-02724B46DA8C}.Release|Any CPU.Build.0 = Release|Any CPU
	EndGlobalSection
	GlobalSection(SolutionProperties) = preSolution
		HideSolutionNode = FALSE
	EndGlobalSection
	GlobalSection(ExtensibilityGlobals) = postSolution
		SolutionGuid = {485A572C-657E-4DDD-8F4F-AFC2E3155AC8}
	EndGlobalSection
EndGlobal
